// !$*UTF8*$!
{
	archiveVersion = 1;
	classes = {
	};
	objectVersion = 46;
	objects = {

/* Begin PBXBuildFile section */
		7DC96C3E167E0557006E9EA7 /* 18-envelope@2x.png in Resources */ = {isa = PBXBuildFile; fileRef = 7DC96C2F167E0557006E9EA7 /* 18-envelope@2x.png */; };
		7DC96C3F167E0557006E9EA7 /* 75-phone@2x.png in Resources */ = {isa = PBXBuildFile; fileRef = 7DC96C30167E0557006E9EA7 /* 75-phone@2x.png */; };
		7DC96C40167E0557006E9EA7 /* back-arrow@2x.png in Resources */ = {isa = PBXBuildFile; fileRef = 7DC96C31167E0557006E9EA7 /* back-arrow@2x.png */; };
		7DC96C41167E0557006E9EA7 /* Default-568h@2x.png in Resources */ = {isa = PBXBuildFile; fileRef = 7DC96C32167E0557006E9EA7 /* Default-568h@2x.png */; };
		7DC96C42167E0557006E9EA7 /* Default.png in Resources */ = {isa = PBXBuildFile; fileRef = 7DC96C33167E0557006E9EA7 /* Default.png */; };
		7DC96C43167E0557006E9EA7 /* Default@2x.png in Resources */ = {isa = PBXBuildFile; fileRef = 7DC96C34167E0557006E9EA7 /* Default@2x.png */; };
		7DC96C44167E0557006E9EA7 /* icon-small.png in Resources */ = {isa = PBXBuildFile; fileRef = 7DC96C35167E0557006E9EA7 /* icon-small.png */; };
		7DC96C45167E0557006E9EA7 /* icon.png in Resources */ = {isa = PBXBuildFile; fileRef = 7DC96C36167E0557006E9EA7 /* icon.png */; };
		7DC96C46167E0557006E9EA7 /* lib.jpg in Resources */ = {isa = PBXBuildFile; fileRef = 7DC96C37167E0557006E9EA7 /* lib.jpg */; };
		7DC96C47167E0557006E9EA7 /* logo in Resources */ = {isa = PBXBuildFile; fileRef = 7DC96C38167E0557006E9EA7 /* logo */; };
		7DC96C48167E0557006E9EA7 /* mapa.png in Resources */ = {isa = PBXBuildFile; fileRef = 7DC96C39167E0557006E9EA7 /* mapa.png */; };
		7DC96C49167E0557006E9EA7 /* mapa_campus.jpg in Resources */ = {isa = PBXBuildFile; fileRef = 7DC96C3A167E0557006E9EA7 /* mapa_campus.jpg */; };
		7DC96C4A167E0557006E9EA7 /* splash-new.png in Resources */ = {isa = PBXBuildFile; fileRef = 7DC96C3B167E0557006E9EA7 /* splash-new.png */; };
		7DC96C4B167E0557006E9EA7 /* thelibrary.jpg in Resources */ = {isa = PBXBuildFile; fileRef = 7DC96C3C167E0557006E9EA7 /* thelibrary.jpg */; };
		7DC96C4C167E0557006E9EA7 /* white-circle.png in Resources */ = {isa = PBXBuildFile; fileRef = 7DC96C3D167E0557006E9EA7 /* white-circle.png */; };
		7DC96C4F167E056F006E9EA7 /* BookListFetcher.m in Sources */ = {isa = PBXBuildFile; fileRef = 7DC96C4E167E056F006E9EA7 /* BookListFetcher.m */; };
		7DC96C51167E0585006E9EA7 /* libzbar.a in Frameworks */ = {isa = PBXBuildFile; fileRef = 7DC96C50167E0585006E9EA7 /* libzbar.a */; };
		7DCF6409167C7DCC00B22C57 /* UIKit.framework in Frameworks */ = {isa = PBXBuildFile; fileRef = 7DCF6408167C7DCC00B22C57 /* UIKit.framework */; };
		7DCF640B167C7DCC00B22C57 /* Foundation.framework in Frameworks */ = {isa = PBXBuildFile; fileRef = 7DCF640A167C7DCC00B22C57 /* Foundation.framework */; };
		7DCF640D167C7DCC00B22C57 /* CoreGraphics.framework in Frameworks */ = {isa = PBXBuildFile; fileRef = 7DCF640C167C7DCC00B22C57 /* CoreGraphics.framework */; };
		7DCF6413167C7DCC00B22C57 /* InfoPlist.strings in Resources */ = {isa = PBXBuildFile; fileRef = 7DCF6411167C7DCC00B22C57 /* InfoPlist.strings */; };
		7DCF6415167C7DCC00B22C57 /* main.m in Sources */ = {isa = PBXBuildFile; fileRef = 7DCF6414167C7DCC00B22C57 /* main.m */; };
		7DCF6419167C7DCC00B22C57 /* AppDelegate.m in Sources */ = {isa = PBXBuildFile; fileRef = 7DCF6418167C7DCC00B22C57 /* AppDelegate.m */; };
		7DCF6422167C7DCC00B22C57 /* ViewController.m in Sources */ = {isa = PBXBuildFile; fileRef = 7DCF6421167C7DCC00B22C57 /* ViewController.m */; };
		7DCF6425167C7DCC00B22C57 /* ViewController.xib in Resources */ = {isa = PBXBuildFile; fileRef = 7DCF6423167C7DCC00B22C57 /* ViewController.xib */; };
		7DCF642F167C7DE000B22C57 /* HTMLNode.m in Sources */ = {isa = PBXBuildFile; fileRef = 7DCF642C167C7DE000B22C57 /* HTMLNode.m */; };
		7DCF6430167C7DE000B22C57 /* HTMLParser.m in Sources */ = {isa = PBXBuildFile; fileRef = 7DCF642E167C7DE000B22C57 /* HTMLParser.m */; };
		7DCF6437167C7E9B00B22C57 /* libxml2.dylib in Frameworks */ = {isa = PBXBuildFile; fileRef = 7DCF6436167C7E9B00B22C57 /* libxml2.dylib */; };
		7DCF643E167C87B700B22C57 /* Book.m in Sources */ = {isa = PBXBuildFile; fileRef = 7DCF643D167C87B700B22C57 /* Book.m */; };
		7DCF644F167CA4BA00B22C57 /* GUIUtils.m in Sources */ = {isa = PBXBuildFile; fileRef = 7DCF644E167CA4BA00B22C57 /* GUIUtils.m */; };
		7DCF6472167CB26500B22C57 /* zbar-back.png in Resources */ = {isa = PBXBuildFile; fileRef = 7DCF646D167CB26500B22C57 /* zbar-back.png */; };
		7DCF6473167CB26500B22C57 /* zbar-help.html in Resources */ = {isa = PBXBuildFile; fileRef = 7DCF646E167CB26500B22C57 /* zbar-help.html */; };
		7DCF6474167CB26500B22C57 /* zbar-helpicons.png in Resources */ = {isa = PBXBuildFile; fileRef = 7DCF646F167CB26500B22C57 /* zbar-helpicons.png */; };
		7DCF6475167CB26500B22C57 /* zbar-samples.png in Resources */ = {isa = PBXBuildFile; fileRef = 7DCF6470167CB26500B22C57 /* zbar-samples.png */; };
		7DCF6483167CB4B600B22C57 /* libiconv.dylib in Frameworks */ = {isa = PBXBuildFile; fileRef = 7DCF6482167CB4B600B22C57 /* libiconv.dylib */; };
		7DCF6485167CB58C00B22C57 /* AVFoundation.framework in Frameworks */ = {isa = PBXBuildFile; fileRef = 7DCF6484167CB58C00B22C57 /* AVFoundation.framework */; };
		7DCF6487167CB59000B22C57 /* QuartzCore.framework in Frameworks */ = {isa = PBXBuildFile; fileRef = 7DCF6486167CB59000B22C57 /* QuartzCore.framework */; };
		7DCF6489167CB59B00B22C57 /* CoreMedia.framework in Frameworks */ = {isa = PBXBuildFile; fileRef = 7DCF6488167CB59B00B22C57 /* CoreMedia.framework */; };
		7DCF648B167CB59F00B22C57 /* CoreVideo.framework in Frameworks */ = {isa = PBXBuildFile; fileRef = 7DCF648A167CB59F00B22C57 /* CoreVideo.framework */; };
		7DCF648E167CB5F800B22C57 /* MBProgressHUD.m in Sources */ = {isa = PBXBuildFile; fileRef = 7DCF648D167CB5F800B22C57 /* MBProgressHUD.m */; };
		7DCF6496167CB9E300B22C57 /* BookListViewController.m in Sources */ = {isa = PBXBuildFile; fileRef = 7DCF6494167CB9E300B22C57 /* BookListViewController.m */; };
		7DCF6497167CB9E300B22C57 /* BookListViewController.xib in Resources */ = {isa = PBXBuildFile; fileRef = 7DCF6495167CB9E300B22C57 /* BookListViewController.xib */; };
		7DCF649B167CBAC800B22C57 /* BookCell.m in Sources */ = {isa = PBXBuildFile; fileRef = 7DCF649A167CBAC800B22C57 /* BookCell.m */; };
		7DCF649D167CBAD600B22C57 /* BookCell.xib in Resources */ = {isa = PBXBuildFile; fileRef = 7DCF649C167CBAD600B22C57 /* BookCell.xib */; };
		7DCF64AA167CCD0B00B22C57 /* LocationsViewController.m in Sources */ = {isa = PBXBuildFile; fileRef = 7DCF64A8167CCD0A00B22C57 /* LocationsViewController.m */; };
		7DCF64AB167CCD0B00B22C57 /* LocationsViewController.xib in Resources */ = {isa = PBXBuildFile; fileRef = 7DCF64A9167CCD0A00B22C57 /* LocationsViewController.xib */; };
		7DCF64B0167CD4F400B22C57 /* LocationCell.m in Sources */ = {isa = PBXBuildFile; fileRef = 7DCF64AF167CD4F300B22C57 /* LocationCell.m */; };
		7DCF64B2167CD50900B22C57 /* LocationCell.xib in Resources */ = {isa = PBXBuildFile; fileRef = 7DCF64B1167CD50800B22C57 /* LocationCell.xib */; };
		7DCF64C4167CE56100B22C57 /* MessageUI.framework in Frameworks */ = {isa = PBXBuildFile; fileRef = 7DCF64C3167CE56100B22C57 /* MessageUI.framework */; };
/* End PBXBuildFile section */

/* Begin PBXFileReference section */
		7DC96C2F167E0557006E9EA7 /* 18-envelope@2x.png */ = {isa = PBXFileReference; lastKnownFileType = image.png; path = "18-envelope@2x.png"; sourceTree = "<group>"; };
		7DC96C30167E0557006E9EA7 /* 75-phone@2x.png */ = {isa = PBXFileReference; lastKnownFileType = image.png; path = "75-phone@2x.png"; sourceTree = "<group>"; };
		7DC96C31167E0557006E9EA7 /* back-arrow@2x.png */ = {isa = PBXFileReference; lastKnownFileType = image.png; path = "back-arrow@2x.png"; sourceTree = "<group>"; };
		7DC96C32167E0557006E9EA7 /* Default-568h@2x.png */ = {isa = PBXFileReference; lastKnownFileType = image.png; path = "Default-568h@2x.png"; sourceTree = "<group>"; };
		7DC96C33167E0557006E9EA7 /* Default.png */ = {isa = PBXFileReference; lastKnownFileType = image.png; path = Default.png; sourceTree = "<group>"; };
		7DC96C34167E0557006E9EA7 /* Default@2x.png */ = {isa = PBXFileReference; lastKnownFileType = image.png; path = "Default@2x.png"; sourceTree = "<group>"; };
		7DC96C35167E0557006E9EA7 /* icon-small.png */ = {isa = PBXFileReference; lastKnownFileType = image.png; path = "icon-small.png"; sourceTree = "<group>"; };
		7DC96C36167E0557006E9EA7 /* icon.png */ = {isa = PBXFileReference; lastKnownFileType = image.png; path = icon.png; sourceTree = "<group>"; };
		7DC96C37167E0557006E9EA7 /* lib.jpg */ = {isa = PBXFileReference; lastKnownFileType = image.jpeg; path = lib.jpg; sourceTree = "<group>"; };
		7DC96C38167E0557006E9EA7 /* logo */ = {isa = PBXFileReference; lastKnownFileType = file; path = logo; sourceTree = "<group>"; };
		7DC96C39167E0557006E9EA7 /* mapa.png */ = {isa = PBXFileReference; lastKnownFileType = image.png; path = mapa.png; sourceTree = "<group>"; };
		7DC96C3A167E0557006E9EA7 /* mapa_campus.jpg */ = {isa = PBXFileReference; lastKnownFileType = image.jpeg; path = mapa_campus.jpg; sourceTree = "<group>"; };
		7DC96C3B167E0557006E9EA7 /* splash-new.png */ = {isa = PBXFileReference; lastKnownFileType = image.png; path = "splash-new.png"; sourceTree = "<group>"; };
		7DC96C3C167E0557006E9EA7 /* thelibrary.jpg */ = {isa = PBXFileReference; lastKnownFileType = image.jpeg; path = thelibrary.jpg; sourceTree = "<group>"; };
		7DC96C3D167E0557006E9EA7 /* white-circle.png */ = {isa = PBXFileReference; lastKnownFileType = image.png; path = "white-circle.png"; sourceTree = "<group>"; };
		7DC96C4D167E056F006E9EA7 /* BookListFetcher.h */ = {isa = PBXFileReference; fileEncoding = 4; lastKnownFileType = sourcecode.c.h; path = BookListFetcher.h; sourceTree = "<group>"; };
		7DC96C4E167E056F006E9EA7 /* BookListFetcher.m */ = {isa = PBXFileReference; fileEncoding = 4; lastKnownFileType = sourcecode.c.objc; path = BookListFetcher.m; sourceTree = "<group>"; };
		7DC96C50167E0585006E9EA7 /* libzbar.a */ = {isa = PBXFileReference; lastKnownFileType = archive.ar; path = libzbar.a; sourceTree = "<group>"; };
		7DCF6404167C7DCC00B22C57 /* PWrBiblioteka.app */ = {isa = PBXFileReference; explicitFileType = wrapper.application; includeInIndex = 0; path = PWrBiblioteka.app; sourceTree = BUILT_PRODUCTS_DIR; };
		7DCF6408167C7DCC00B22C57 /* UIKit.framework */ = {isa = PBXFileReference; lastKnownFileType = wrapper.framework; name = UIKit.framework; path = System/Library/Frameworks/UIKit.framework; sourceTree = SDKROOT; };
		7DCF640A167C7DCC00B22C57 /* Foundation.framework */ = {isa = PBXFileReference; lastKnownFileType = wrapper.framework; name = Foundation.framework; path = System/Library/Frameworks/Foundation.framework; sourceTree = SDKROOT; };
		7DCF640C167C7DCC00B22C57 /* CoreGraphics.framework */ = {isa = PBXFileReference; lastKnownFileType = wrapper.framework; name = CoreGraphics.framework; path = System/Library/Frameworks/CoreGraphics.framework; sourceTree = SDKROOT; };
		7DCF6410167C7DCC00B22C57 /* PWrBiblioteka-Info.plist */ = {isa = PBXFileReference; lastKnownFileType = text.plist.xml; path = "PWrBiblioteka-Info.plist"; sourceTree = "<group>"; };
		7DCF6412167C7DCC00B22C57 /* en */ = {isa = PBXFileReference; lastKnownFileType = text.plist.strings; name = en; path = en.lproj/InfoPlist.strings; sourceTree = "<group>"; };
		7DCF6414167C7DCC00B22C57 /* main.m */ = {isa = PBXFileReference; lastKnownFileType = sourcecode.c.objc; path = main.m; sourceTree = "<group>"; };
		7DCF6416167C7DCC00B22C57 /* PWrBiblioteka-Prefix.pch */ = {isa = PBXFileReference; lastKnownFileType = sourcecode.c.h; path = "PWrBiblioteka-Prefix.pch"; sourceTree = "<group>"; };
		7DCF6417167C7DCC00B22C57 /* AppDelegate.h */ = {isa = PBXFileReference; lastKnownFileType = sourcecode.c.h; path = AppDelegate.h; sourceTree = "<group>"; };
		7DCF6418167C7DCC00B22C57 /* AppDelegate.m */ = {isa = PBXFileReference; lastKnownFileType = sourcecode.c.objc; path = AppDelegate.m; sourceTree = "<group>"; };
		7DCF6420167C7DCC00B22C57 /* ViewController.h */ = {isa = PBXFileReference; lastKnownFileType = sourcecode.c.h; path = ViewController.h; sourceTree = "<group>"; };
		7DCF6421167C7DCC00B22C57 /* ViewController.m */ = {isa = PBXFileReference; lastKnownFileType = sourcecode.c.objc; path = ViewController.m; sourceTree = "<group>"; };
		7DCF6424167C7DCC00B22C57 /* en */ = {isa = PBXFileReference; lastKnownFileType = file.xib; name = en; path = en.lproj/ViewController.xib; sourceTree = "<group>"; };
		7DCF642B167C7DE000B22C57 /* HTMLNode.h */ = {isa = PBXFileReference; fileEncoding = 4; lastKnownFileType = sourcecode.c.h; path = HTMLNode.h; sourceTree = "<group>"; };
		7DCF642C167C7DE000B22C57 /* HTMLNode.m */ = {isa = PBXFileReference; fileEncoding = 4; lastKnownFileType = sourcecode.c.objc; path = HTMLNode.m; sourceTree = "<group>"; };
		7DCF642D167C7DE000B22C57 /* HTMLParser.h */ = {isa = PBXFileReference; fileEncoding = 4; lastKnownFileType = sourcecode.c.h; path = HTMLParser.h; sourceTree = "<group>"; };
		7DCF642E167C7DE000B22C57 /* HTMLParser.m */ = {isa = PBXFileReference; fileEncoding = 4; lastKnownFileType = sourcecode.c.objc; path = HTMLParser.m; sourceTree = "<group>"; };
		7DCF6436167C7E9B00B22C57 /* libxml2.dylib */ = {isa = PBXFileReference; lastKnownFileType = "compiled.mach-o.dylib"; name = libxml2.dylib; path = usr/lib/libxml2.dylib; sourceTree = SDKROOT; };
		7DCF643C167C87B700B22C57 /* Book.h */ = {isa = PBXFileReference; fileEncoding = 4; lastKnownFileType = sourcecode.c.h; path = Book.h; sourceTree = "<group>"; };
		7DCF643D167C87B700B22C57 /* Book.m */ = {isa = PBXFileReference; fileEncoding = 4; lastKnownFileType = sourcecode.c.objc; path = Book.m; sourceTree = "<group>"; };
		7DCF644D167CA4BA00B22C57 /* GUIUtils.h */ = {isa = PBXFileReference; fileEncoding = 4; lastKnownFileType = sourcecode.c.h; path = GUIUtils.h; sourceTree = "<group>"; };
		7DCF644E167CA4BA00B22C57 /* GUIUtils.m */ = {isa = PBXFileReference; fileEncoding = 4; lastKnownFileType = sourcecode.c.objc; path = GUIUtils.m; sourceTree = "<group>"; };
		7DCF6457167CB26500B22C57 /* Decoder.h */ = {isa = PBXFileReference; fileEncoding = 4; lastKnownFileType = sourcecode.c.h; path = Decoder.h; sourceTree = "<group>"; };
		7DCF6458167CB26500B22C57 /* Exception.h */ = {isa = PBXFileReference; fileEncoding = 4; lastKnownFileType = sourcecode.c.h; path = Exception.h; sourceTree = "<group>"; };
		7DCF6459167CB26500B22C57 /* Image.h */ = {isa = PBXFileReference; fileEncoding = 4; lastKnownFileType = sourcecode.c.h; path = Image.h; sourceTree = "<group>"; };
		7DCF645A167CB26500B22C57 /* ImageScanner.h */ = {isa = PBXFileReference; fileEncoding = 4; lastKnownFileType = sourcecode.c.h; path = ImageScanner.h; sourceTree = "<group>"; };
		7DCF645B167CB26500B22C57 /* Processor.h */ = {isa = PBXFileReference; fileEncoding = 4; lastKnownFileType = sourcecode.c.h; path = Processor.h; sourceTree = "<group>"; };
		7DCF645C167CB26500B22C57 /* Scanner.h */ = {isa = PBXFileReference; fileEncoding = 4; lastKnownFileType = sourcecode.c.h; path = Scanner.h; sourceTree = "<group>"; };
		7DCF645D167CB26500B22C57 /* Symbol.h */ = {isa = PBXFileReference; fileEncoding = 4; lastKnownFileType = sourcecode.c.h; path = Symbol.h; sourceTree = "<group>"; };
		7DCF645E167CB26500B22C57 /* Video.h */ = {isa = PBXFileReference; fileEncoding = 4; lastKnownFileType = sourcecode.c.h; path = Video.h; sourceTree = "<group>"; };
		7DCF645F167CB26500B22C57 /* Window.h */ = {isa = PBXFileReference; fileEncoding = 4; lastKnownFileType = sourcecode.c.h; path = Window.h; sourceTree = "<group>"; };
		7DCF6460167CB26500B22C57 /* zbar.h */ = {isa = PBXFileReference; fileEncoding = 4; lastKnownFileType = sourcecode.c.h; path = zbar.h; sourceTree = "<group>"; };
		7DCF6461167CB26500B22C57 /* ZBarCameraSimulator.h */ = {isa = PBXFileReference; fileEncoding = 4; lastKnownFileType = sourcecode.c.h; path = ZBarCameraSimulator.h; sourceTree = "<group>"; };
		7DCF6462167CB26500B22C57 /* ZBarCaptureReader.h */ = {isa = PBXFileReference; fileEncoding = 4; lastKnownFileType = sourcecode.c.h; path = ZBarCaptureReader.h; sourceTree = "<group>"; };
		7DCF6463167CB26500B22C57 /* ZBarHelpController.h */ = {isa = PBXFileReference; fileEncoding = 4; lastKnownFileType = sourcecode.c.h; path = ZBarHelpController.h; sourceTree = "<group>"; };
		7DCF6464167CB26500B22C57 /* ZBarImage.h */ = {isa = PBXFileReference; fileEncoding = 4; lastKnownFileType = sourcecode.c.h; path = ZBarImage.h; sourceTree = "<group>"; };
		7DCF6465167CB26500B22C57 /* ZBarImageScanner.h */ = {isa = PBXFileReference; fileEncoding = 4; lastKnownFileType = sourcecode.c.h; path = ZBarImageScanner.h; sourceTree = "<group>"; };
		7DCF6466167CB26500B22C57 /* ZBarReaderController.h */ = {isa = PBXFileReference; fileEncoding = 4; lastKnownFileType = sourcecode.c.h; path = ZBarReaderController.h; sourceTree = "<group>"; };
		7DCF6467167CB26500B22C57 /* ZBarReaderView.h */ = {isa = PBXFileReference; fileEncoding = 4; lastKnownFileType = sourcecode.c.h; path = ZBarReaderView.h; sourceTree = "<group>"; };
		7DCF6468167CB26500B22C57 /* ZBarReaderViewController.h */ = {isa = PBXFileReference; fileEncoding = 4; lastKnownFileType = sourcecode.c.h; path = ZBarReaderViewController.h; sourceTree = "<group>"; };
		7DCF6469167CB26500B22C57 /* ZBarSDK.h */ = {isa = PBXFileReference; fileEncoding = 4; lastKnownFileType = sourcecode.c.h; path = ZBarSDK.h; sourceTree = "<group>"; };
		7DCF646A167CB26500B22C57 /* ZBarSymbol.h */ = {isa = PBXFileReference; fileEncoding = 4; lastKnownFileType = sourcecode.c.h; path = ZBarSymbol.h; sourceTree = "<group>"; };
		7DCF646D167CB26500B22C57 /* zbar-back.png */ = {isa = PBXFileReference; lastKnownFileType = image.png; path = "zbar-back.png"; sourceTree = "<group>"; };
		7DCF646E167CB26500B22C57 /* zbar-help.html */ = {isa = PBXFileReference; fileEncoding = 4; lastKnownFileType = text.html; path = "zbar-help.html"; sourceTree = "<group>"; };
		7DCF646F167CB26500B22C57 /* zbar-helpicons.png */ = {isa = PBXFileReference; lastKnownFileType = image.png; path = "zbar-helpicons.png"; sourceTree = "<group>"; };
		7DCF6470167CB26500B22C57 /* zbar-samples.png */ = {isa = PBXFileReference; lastKnownFileType = image.png; path = "zbar-samples.png"; sourceTree = "<group>"; };
		7DCF6482167CB4B600B22C57 /* libiconv.dylib */ = {isa = PBXFileReference; lastKnownFileType = "compiled.mach-o.dylib"; name = libiconv.dylib; path = usr/lib/libiconv.dylib; sourceTree = SDKROOT; };
		7DCF6484167CB58C00B22C57 /* AVFoundation.framework */ = {isa = PBXFileReference; lastKnownFileType = wrapper.framework; name = AVFoundation.framework; path = System/Library/Frameworks/AVFoundation.framework; sourceTree = SDKROOT; };
		7DCF6486167CB59000B22C57 /* QuartzCore.framework */ = {isa = PBXFileReference; lastKnownFileType = wrapper.framework; name = QuartzCore.framework; path = System/Library/Frameworks/QuartzCore.framework; sourceTree = SDKROOT; };
		7DCF6488167CB59B00B22C57 /* CoreMedia.framework */ = {isa = PBXFileReference; lastKnownFileType = wrapper.framework; name = CoreMedia.framework; path = System/Library/Frameworks/CoreMedia.framework; sourceTree = SDKROOT; };
		7DCF648A167CB59F00B22C57 /* CoreVideo.framework */ = {isa = PBXFileReference; lastKnownFileType = wrapper.framework; name = CoreVideo.framework; path = System/Library/Frameworks/CoreVideo.framework; sourceTree = SDKROOT; };
		7DCF648C167CB5F800B22C57 /* MBProgressHUD.h */ = {isa = PBXFileReference; fileEncoding = 4; lastKnownFileType = sourcecode.c.h; path = MBProgressHUD.h; sourceTree = "<group>"; };
		7DCF648D167CB5F800B22C57 /* MBProgressHUD.m */ = {isa = PBXFileReference; fileEncoding = 4; lastKnownFileType = sourcecode.c.objc; path = MBProgressHUD.m; sourceTree = "<group>"; };
		7DCF6493167CB9E300B22C57 /* BookListViewController.h */ = {isa = PBXFileReference; fileEncoding = 4; lastKnownFileType = sourcecode.c.h; path = BookListViewController.h; sourceTree = "<group>"; };
		7DCF6494167CB9E300B22C57 /* BookListViewController.m */ = {isa = PBXFileReference; fileEncoding = 4; lastKnownFileType = sourcecode.c.objc; path = BookListViewController.m; sourceTree = "<group>"; };
		7DCF6495167CB9E300B22C57 /* BookListViewController.xib */ = {isa = PBXFileReference; fileEncoding = 4; lastKnownFileType = file.xib; path = BookListViewController.xib; sourceTree = "<group>"; };
		7DCF6499167CBAC800B22C57 /* BookCell.h */ = {isa = PBXFileReference; fileEncoding = 4; lastKnownFileType = sourcecode.c.h; path = BookCell.h; sourceTree = "<group>"; };
		7DCF649A167CBAC800B22C57 /* BookCell.m */ = {isa = PBXFileReference; fileEncoding = 4; lastKnownFileType = sourcecode.c.objc; path = BookCell.m; sourceTree = "<group>"; };
		7DCF649C167CBAD600B22C57 /* BookCell.xib */ = {isa = PBXFileReference; fileEncoding = 4; lastKnownFileType = file.xib; path = BookCell.xib; sourceTree = "<group>"; };
		7DCF64A7167CCD0A00B22C57 /* LocationsViewController.h */ = {isa = PBXFileReference; fileEncoding = 4; lastKnownFileType = sourcecode.c.h; path = LocationsViewController.h; sourceTree = "<group>"; };
		7DCF64A8167CCD0A00B22C57 /* LocationsViewController.m */ = {isa = PBXFileReference; fileEncoding = 4; lastKnownFileType = sourcecode.c.objc; path = LocationsViewController.m; sourceTree = "<group>"; };
		7DCF64A9167CCD0A00B22C57 /* LocationsViewController.xib */ = {isa = PBXFileReference; fileEncoding = 4; lastKnownFileType = file.xib; path = LocationsViewController.xib; sourceTree = "<group>"; };
		7DCF64AE167CD4F300B22C57 /* LocationCell.h */ = {isa = PBXFileReference; fileEncoding = 4; lastKnownFileType = sourcecode.c.h; path = LocationCell.h; sourceTree = "<group>"; };
		7DCF64AF167CD4F300B22C57 /* LocationCell.m */ = {isa = PBXFileReference; fileEncoding = 4; lastKnownFileType = sourcecode.c.objc; path = LocationCell.m; sourceTree = "<group>"; };
		7DCF64B1167CD50800B22C57 /* LocationCell.xib */ = {isa = PBXFileReference; fileEncoding = 4; lastKnownFileType = file.xib; path = LocationCell.xib; sourceTree = "<group>"; };
		7DCF64C3167CE56100B22C57 /* MessageUI.framework */ = {isa = PBXFileReference; lastKnownFileType = wrapper.framework; name = MessageUI.framework; path = System/Library/Frameworks/MessageUI.framework; sourceTree = SDKROOT; };
/* End PBXFileReference section */

/* Begin PBXFrameworksBuildPhase section */
		7DCF6401167C7DCC00B22C57 /* Frameworks */ = {
			isa = PBXFrameworksBuildPhase;
			buildActionMask = 2147483647;
			files = (
				7DCF64C4167CE56100B22C57 /* MessageUI.framework in Frameworks */,
				7DCF648B167CB59F00B22C57 /* CoreVideo.framework in Frameworks */,
				7DCF6489167CB59B00B22C57 /* CoreMedia.framework in Frameworks */,
				7DCF6487167CB59000B22C57 /* QuartzCore.framework in Frameworks */,
				7DCF6485167CB58C00B22C57 /* AVFoundation.framework in Frameworks */,
				7DCF6483167CB4B600B22C57 /* libiconv.dylib in Frameworks */,
				7DCF6437167C7E9B00B22C57 /* libxml2.dylib in Frameworks */,
				7DCF6409167C7DCC00B22C57 /* UIKit.framework in Frameworks */,
				7DCF640B167C7DCC00B22C57 /* Foundation.framework in Frameworks */,
				7DCF640D167C7DCC00B22C57 /* CoreGraphics.framework in Frameworks */,
				7DC96C51167E0585006E9EA7 /* libzbar.a in Frameworks */,
			);
			runOnlyForDeploymentPostprocessing = 0;
		};
/* End PBXFrameworksBuildPhase section */

/* Begin PBXGroup section */
		7DC96C2E167E0557006E9EA7 /* Graphics */ = {
			isa = PBXGroup;
			children = (
				7DC96C2F167E0557006E9EA7 /* 18-envelope@2x.png */,
				7DC96C30167E0557006E9EA7 /* 75-phone@2x.png */,
				7DC96C31167E0557006E9EA7 /* back-arrow@2x.png */,
				7DC96C32167E0557006E9EA7 /* Default-568h@2x.png */,
				7DC96C33167E0557006E9EA7 /* Default.png */,
				7DC96C34167E0557006E9EA7 /* Default@2x.png */,
				7DC96C35167E0557006E9EA7 /* icon-small.png */,
				7DC96C36167E0557006E9EA7 /* icon.png */,
				7DC96C37167E0557006E9EA7 /* lib.jpg */,
				7DC96C38167E0557006E9EA7 /* logo */,
				7DC96C39167E0557006E9EA7 /* mapa.png */,
				7DC96C3A167E0557006E9EA7 /* mapa_campus.jpg */,
				7DC96C3B167E0557006E9EA7 /* splash-new.png */,
				7DC96C3C167E0557006E9EA7 /* thelibrary.jpg */,
				7DC96C3D167E0557006E9EA7 /* white-circle.png */,
			);
			path = Graphics;
			sourceTree = "<group>";
		};
		7DCF63F9167C7DCC00B22C57 = {
			isa = PBXGroup;
			children = (
				7DCF640E167C7DCC00B22C57 /* Pwr */,
				7DCF6407167C7DCC00B22C57 /* Frameworks */,
				7DCF6405167C7DCC00B22C57 /* Products */,
			);
			sourceTree = "<group>";
		};
		7DCF6405167C7DCC00B22C57 /* Products */ = {
			isa = PBXGroup;
			children = (
				7DCF6404167C7DCC00B22C57 /* PWrBiblioteka.app */,
			);
			name = Products;
			sourceTree = "<group>";
		};
		7DCF6407167C7DCC00B22C57 /* Frameworks */ = {
			isa = PBXGroup;
			children = (
				7DCF64C3167CE56100B22C57 /* MessageUI.framework */,
				7DCF6482167CB4B600B22C57 /* libiconv.dylib */,
				7DCF648A167CB59F00B22C57 /* CoreVideo.framework */,
				7DCF6488167CB59B00B22C57 /* CoreMedia.framework */,
				7DCF6486167CB59000B22C57 /* QuartzCore.framework */,
				7DCF6484167CB58C00B22C57 /* AVFoundation.framework */,
				7DCF6436167C7E9B00B22C57 /* libxml2.dylib */,
				7DCF6408167C7DCC00B22C57 /* UIKit.framework */,
				7DCF640A167C7DCC00B22C57 /* Foundation.framework */,
				7DCF640C167C7DCC00B22C57 /* CoreGraphics.framework */,
			);
			name = Frameworks;
			sourceTree = "<group>";
		};
		7DCF640E167C7DCC00B22C57 /* Pwr */ = {
			isa = PBXGroup;
			children = (
				7DC96C2E167E0557006E9EA7 /* Graphics */,
				7DCF6498167CBAAB00B22C57 /* View */,
				7DCF6492167CB9C900B22C57 /* Controllers */,
				7DCF644C167CA4AF00B22C57 /* Utils */,
				7DCF643F167C947B00B22C57 /* Model */,
				7DCF6417167C7DCC00B22C57 /* AppDelegate.h */,
				7DCF6418167C7DCC00B22C57 /* AppDelegate.m */,
				7DCF640F167C7DCC00B22C57 /* Supporting Files */,
			);
			path = Pwr;
			sourceTree = "<group>";
		};
		7DCF640F167C7DCC00B22C57 /* Supporting Files */ = {
			isa = PBXGroup;
			children = (
				7DCF6410167C7DCC00B22C57 /* PWrBiblioteka-Info.plist */,
				7DCF6411167C7DCC00B22C57 /* InfoPlist.strings */,
				7DCF6414167C7DCC00B22C57 /* main.m */,
				7DCF6416167C7DCC00B22C57 /* PWrBiblioteka-Prefix.pch */,
			);
			name = "Supporting Files";
			sourceTree = "<group>";
		};
		7DCF6438167C82B700B22C57 /* HTMLParser */ = {
			isa = PBXGroup;
			children = (
				7DCF642B167C7DE000B22C57 /* HTMLNode.h */,
				7DCF642C167C7DE000B22C57 /* HTMLNode.m */,
				7DCF642D167C7DE000B22C57 /* HTMLParser.h */,
				7DCF642E167C7DE000B22C57 /* HTMLParser.m */,
			);
			name = HTMLParser;
			sourceTree = "<group>";
		};
		7DCF643F167C947B00B22C57 /* Model */ = {
			isa = PBXGroup;
			children = (
				7DC96C4D167E056F006E9EA7 /* BookListFetcher.h */,
				7DC96C4E167E056F006E9EA7 /* BookListFetcher.m */,
				7DCF643C167C87B700B22C57 /* Book.h */,
				7DCF643D167C87B700B22C57 /* Book.m */,
			);
			name = Model;
			sourceTree = "<group>";
		};
		7DCF644C167CA4AF00B22C57 /* Utils */ = {
			isa = PBXGroup;
			children = (
				7DCF6438167C82B700B22C57 /* HTMLParser */,
				7DCF6453167CB26500B22C57 /* ZBarSDK */,
				7DCF644D167CA4BA00B22C57 /* GUIUtils.h */,
				7DCF644E167CA4BA00B22C57 /* GUIUtils.m */,
				7DCF648C167CB5F800B22C57 /* MBProgressHUD.h */,
				7DCF648D167CB5F800B22C57 /* MBProgressHUD.m */,
			);
			name = Utils;
			sourceTree = "<group>";
		};
		7DCF6453167CB26500B22C57 /* ZBarSDK */ = {
			isa = PBXGroup;
			children = (
				7DC96C50167E0585006E9EA7 /* libzbar.a */,
				7DCF6454167CB26500B22C57 /* Headers */,
				7DCF646C167CB26500B22C57 /* Resources */,
			);
			path = ZBarSDK;
			sourceTree = "<group>";
		};
		7DCF6454167CB26500B22C57 /* Headers */ = {
			isa = PBXGroup;
			children = (
				7DCF6455167CB26500B22C57 /* ZBarSDK */,
			);
			path = Headers;
			sourceTree = "<group>";
		};
		7DCF6455167CB26500B22C57 /* ZBarSDK */ = {
			isa = PBXGroup;
			children = (
				7DCF6456167CB26500B22C57 /* zbar */,
				7DCF6460167CB26500B22C57 /* zbar.h */,
				7DCF6461167CB26500B22C57 /* ZBarCameraSimulator.h */,
				7DCF6462167CB26500B22C57 /* ZBarCaptureReader.h */,
				7DCF6463167CB26500B22C57 /* ZBarHelpController.h */,
				7DCF6464167CB26500B22C57 /* ZBarImage.h */,
				7DCF6465167CB26500B22C57 /* ZBarImageScanner.h */,
				7DCF6466167CB26500B22C57 /* ZBarReaderController.h */,
				7DCF6467167CB26500B22C57 /* ZBarReaderView.h */,
				7DCF6468167CB26500B22C57 /* ZBarReaderViewController.h */,
				7DCF6469167CB26500B22C57 /* ZBarSDK.h */,
				7DCF646A167CB26500B22C57 /* ZBarSymbol.h */,
			);
			path = ZBarSDK;
			sourceTree = "<group>";
		};
		7DCF6456167CB26500B22C57 /* zbar */ = {
			isa = PBXGroup;
			children = (
				7DCF6457167CB26500B22C57 /* Decoder.h */,
				7DCF6458167CB26500B22C57 /* Exception.h */,
				7DCF6459167CB26500B22C57 /* Image.h */,
				7DCF645A167CB26500B22C57 /* ImageScanner.h */,
				7DCF645B167CB26500B22C57 /* Processor.h */,
				7DCF645C167CB26500B22C57 /* Scanner.h */,
				7DCF645D167CB26500B22C57 /* Symbol.h */,
				7DCF645E167CB26500B22C57 /* Video.h */,
				7DCF645F167CB26500B22C57 /* Window.h */,
			);
			path = zbar;
			sourceTree = "<group>";
		};
		7DCF646C167CB26500B22C57 /* Resources */ = {
			isa = PBXGroup;
			children = (
				7DCF646D167CB26500B22C57 /* zbar-back.png */,
				7DCF646E167CB26500B22C57 /* zbar-help.html */,
				7DCF646F167CB26500B22C57 /* zbar-helpicons.png */,
				7DCF6470167CB26500B22C57 /* zbar-samples.png */,
			);
			path = Resources;
			sourceTree = "<group>";
		};
		7DCF6492167CB9C900B22C57 /* Controllers */ = {
			isa = PBXGroup;
			children = (
				7DCF6420167C7DCC00B22C57 /* ViewController.h */,
				7DCF6421167C7DCC00B22C57 /* ViewController.m */,
				7DCF6423167C7DCC00B22C57 /* ViewController.xib */,
				7DCF64A7167CCD0A00B22C57 /* LocationsViewController.h */,
				7DCF64A8167CCD0A00B22C57 /* LocationsViewController.m */,
				7DCF64A9167CCD0A00B22C57 /* LocationsViewController.xib */,
				7DCF6493167CB9E300B22C57 /* BookListViewController.h */,
				7DCF6494167CB9E300B22C57 /* BookListViewController.m */,
				7DCF6495167CB9E300B22C57 /* BookListViewController.xib */,
			);
			name = Controllers;
			sourceTree = "<group>";
		};
		7DCF6498167CBAAB00B22C57 /* View */ = {
			isa = PBXGroup;
			children = (
				7DCF64AE167CD4F300B22C57 /* LocationCell.h */,
				7DCF64AF167CD4F300B22C57 /* LocationCell.m */,
				7DCF64B1167CD50800B22C57 /* LocationCell.xib */,
				7DCF6499167CBAC800B22C57 /* BookCell.h */,
				7DCF649A167CBAC800B22C57 /* BookCell.m */,
				7DCF649C167CBAD600B22C57 /* BookCell.xib */,
			);
			name = View;
			sourceTree = "<group>";
		};
/* End PBXGroup section */

/* Begin PBXNativeTarget section */
		7DCF6403167C7DCC00B22C57 /* PWrBiblioteka */ = {
			isa = PBXNativeTarget;
			buildConfigurationList = 7DCF6428167C7DCC00B22C57 /* Build configuration list for PBXNativeTarget "PWrBiblioteka" */;
			buildPhases = (
				7DCF6400167C7DCC00B22C57 /* Sources */,
				7DCF6401167C7DCC00B22C57 /* Frameworks */,
				7DCF6402167C7DCC00B22C57 /* Resources */,
			);
			buildRules = (
			);
			dependencies = (
			);
			name = PWrBiblioteka;
			productName = Pwr;
			productReference = 7DCF6404167C7DCC00B22C57 /* PWrBiblioteka.app */;
			productType = "com.apple.product-type.application";
		};
/* End PBXNativeTarget section */

/* Begin PBXProject section */
		7DCF63FB167C7DCC00B22C57 /* Project object */ = {
			isa = PBXProject;
			attributes = {
				LastUpgradeCheck = 0450;
				ORGANIZATIONNAME = tetek;
			};
			buildConfigurationList = 7DCF63FE167C7DCC00B22C57 /* Build configuration list for PBXProject "PWrBiblioteka" */;
			compatibilityVersion = "Xcode 3.2";
			developmentRegion = English;
			hasScannedForEncodings = 0;
			knownRegions = (
				en,
			);
			mainGroup = 7DCF63F9167C7DCC00B22C57;
			productRefGroup = 7DCF6405167C7DCC00B22C57 /* Products */;
			projectDirPath = "";
			projectRoot = "";
			targets = (
				7DCF6403167C7DCC00B22C57 /* PWrBiblioteka */,
			);
		};
/* End PBXProject section */

/* Begin PBXResourcesBuildPhase section */
		7DCF6402167C7DCC00B22C57 /* Resources */ = {
			isa = PBXResourcesBuildPhase;
			buildActionMask = 2147483647;
			files = (
				7DCF6413167C7DCC00B22C57 /* InfoPlist.strings in Resources */,
				7DCF6425167C7DCC00B22C57 /* ViewController.xib in Resources */,
				7DCF6472167CB26500B22C57 /* zbar-back.png in Resources */,
				7DCF6473167CB26500B22C57 /* zbar-help.html in Resources */,
				7DCF6474167CB26500B22C57 /* zbar-helpicons.png in Resources */,
				7DCF6475167CB26500B22C57 /* zbar-samples.png in Resources */,
				7DCF6497167CB9E300B22C57 /* BookListViewController.xib in Resources */,
				7DCF649D167CBAD600B22C57 /* BookCell.xib in Resources */,
				7DCF64AB167CCD0B00B22C57 /* LocationsViewController.xib in Resources */,
				7DCF64B2167CD50900B22C57 /* LocationCell.xib in Resources */,
				7DC96C3E167E0557006E9EA7 /* 18-envelope@2x.png in Resources */,
				7DC96C3F167E0557006E9EA7 /* 75-phone@2x.png in Resources */,
				7DC96C40167E0557006E9EA7 /* back-arrow@2x.png in Resources */,
				7DC96C41167E0557006E9EA7 /* Default-568h@2x.png in Resources */,
				7DC96C42167E0557006E9EA7 /* Default.png in Resources */,
				7DC96C43167E0557006E9EA7 /* Default@2x.png in Resources */,
				7DC96C44167E0557006E9EA7 /* icon-small.png in Resources */,
				7DC96C45167E0557006E9EA7 /* icon.png in Resources */,
				7DC96C46167E0557006E9EA7 /* lib.jpg in Resources */,
				7DC96C47167E0557006E9EA7 /* logo in Resources */,
				7DC96C48167E0557006E9EA7 /* mapa.png in Resources */,
				7DC96C49167E0557006E9EA7 /* mapa_campus.jpg in Resources */,
				7DC96C4A167E0557006E9EA7 /* splash-new.png in Resources */,
				7DC96C4B167E0557006E9EA7 /* thelibrary.jpg in Resources */,
				7DC96C4C167E0557006E9EA7 /* white-circle.png in Resources */,
			);
			runOnlyForDeploymentPostprocessing = 0;
		};
/* End PBXResourcesBuildPhase section */

/* Begin PBXSourcesBuildPhase section */
		7DCF6400167C7DCC00B22C57 /* Sources */ = {
			isa = PBXSourcesBuildPhase;
			buildActionMask = 2147483647;
			files = (
				7DCF6415167C7DCC00B22C57 /* main.m in Sources */,
				7DCF6419167C7DCC00B22C57 /* AppDelegate.m in Sources */,
				7DCF6422167C7DCC00B22C57 /* ViewController.m in Sources */,
				7DCF642F167C7DE000B22C57 /* HTMLNode.m in Sources */,
				7DCF6430167C7DE000B22C57 /* HTMLParser.m in Sources */,
				7DCF643E167C87B700B22C57 /* Book.m in Sources */,
				7DCF644F167CA4BA00B22C57 /* GUIUtils.m in Sources */,
				7DCF648E167CB5F800B22C57 /* MBProgressHUD.m in Sources */,
				7DCF6496167CB9E300B22C57 /* BookListViewController.m in Sources */,
				7DCF649B167CBAC800B22C57 /* BookCell.m in Sources */,
				7DCF64AA167CCD0B00B22C57 /* LocationsViewController.m in Sources */,
				7DCF64B0167CD4F400B22C57 /* LocationCell.m in Sources */,
				7DC96C4F167E056F006E9EA7 /* BookListFetcher.m in Sources */,
			);
			runOnlyForDeploymentPostprocessing = 0;
		};
/* End PBXSourcesBuildPhase section */

/* Begin PBXVariantGroup section */
		7DCF6411167C7DCC00B22C57 /* InfoPlist.strings */ = {
			isa = PBXVariantGroup;
			children = (
				7DCF6412167C7DCC00B22C57 /* en */,
			);
			name = InfoPlist.strings;
			sourceTree = "<group>";
		};
		7DCF6423167C7DCC00B22C57 /* ViewController.xib */ = {
			isa = PBXVariantGroup;
			children = (
				7DCF6424167C7DCC00B22C57 /* en */,
			);
			name = ViewController.xib;
			sourceTree = "<group>";
		};
/* End PBXVariantGroup section */

/* Begin XCBuildConfiguration section */
		7DCF6426167C7DCC00B22C57 /* Debug */ = {
			isa = XCBuildConfiguration;
			buildSettings = {
				ALWAYS_SEARCH_USER_PATHS = NO;
				CLANG_CXX_LANGUAGE_STANDARD = "gnu++0x";
				CLANG_CXX_LIBRARY = "libc++";
				CLANG_WARN_EMPTY_BODY = YES;
				CLANG_WARN__DUPLICATE_METHOD_MATCH = YES;
				"CODE_SIGN_IDENTITY[sdk=iphoneos*]" = "iPhone Developer";
				COPY_PHASE_STRIP = NO;
				GCC_C_LANGUAGE_STANDARD = gnu99;
				GCC_DYNAMIC_NO_PIC = NO;
				GCC_OPTIMIZATION_LEVEL = 0;
				GCC_PREPROCESSOR_DEFINITIONS = (
					"DEBUG=1",
					"$(inherited)",
				);
				GCC_SYMBOLS_PRIVATE_EXTERN = NO;
				GCC_WARN_ABOUT_RETURN_TYPE = YES;
				GCC_WARN_UNINITIALIZED_AUTOS = YES;
				GCC_WARN_UNUSED_VARIABLE = YES;
				IPHONEOS_DEPLOYMENT_TARGET = 6.0;
				ONLY_ACTIVE_ARCH = YES;
				SDKROOT = iphoneos;
			};
			name = Debug;
		};
		7DCF6427167C7DCC00B22C57 /* Release */ = {
			isa = XCBuildConfiguration;
			buildSettings = {
				ALWAYS_SEARCH_USER_PATHS = NO;
				CLANG_CXX_LANGUAGE_STANDARD = "gnu++0x";
				CLANG_CXX_LIBRARY = "libc++";
				CLANG_WARN_EMPTY_BODY = YES;
				CLANG_WARN__DUPLICATE_METHOD_MATCH = YES;
				"CODE_SIGN_IDENTITY[sdk=iphoneos*]" = "iPhone Developer";
				COPY_PHASE_STRIP = YES;
				GCC_C_LANGUAGE_STANDARD = gnu99;
				GCC_WARN_ABOUT_RETURN_TYPE = YES;
				GCC_WARN_UNINITIALIZED_AUTOS = YES;
				GCC_WARN_UNUSED_VARIABLE = YES;
				IPHONEOS_DEPLOYMENT_TARGET = 6.0;
				OTHER_CFLAGS = "-DNS_BLOCK_ASSERTIONS=1";
				SDKROOT = iphoneos;
				VALIDATE_PRODUCT = YES;
			};
			name = Release;
		};
		7DCF6429167C7DCC00B22C57 /* Debug */ = {
			isa = XCBuildConfiguration;
			buildSettings = {
				FRAMEWORK_SEARCH_PATHS = (
					"$(inherited)",
					"\"$(SRCROOT)\"",
				);
				GCC_PRECOMPILE_PREFIX_HEADER = YES;
				GCC_PREFIX_HEADER = "Pwr/PWrBiblioteka-Prefix.pch";
				HEADER_SEARCH_PATHS = (
					"$SDK_DIR/usr/include/libxml2/**",
					"/usr/include/libxml2/**",
				);
				INFOPLIST_FILE = "Pwr/PWrBiblioteka-Info.plist";
				LIBRARY_SEARCH_PATHS = (
					"$(inherited)",
					"\"$(SRCROOT)/Pwr/ZBarSDK\"",
					"\"$(SRCROOT)\"",
				);
				PRODUCT_NAME = PWrBiblioteka;
				USER_HEADER_SEARCH_PATHS = "";
				VALID_ARCHS = armv7;
				WRAPPER_EXTENSION = app;
			};
			name = Debug;
		};
		7DCF642A167C7DCC00B22C57 /* Release */ = {
			isa = XCBuildConfiguration;
			buildSettings = {
				FRAMEWORK_SEARCH_PATHS = (
					"$(inherited)",
					"\"$(SRCROOT)\"",
				);
				GCC_PRECOMPILE_PREFIX_HEADER = YES;
				GCC_PREFIX_HEADER = "Pwr/PWrBiblioteka-Prefix.pch";
				HEADER_SEARCH_PATHS = (
					"$SDK_DIR/usr/include/libxml2/**",
					"/usr/include/libxml2/**",
				);
				INFOPLIST_FILE = "Pwr/PWrBiblioteka-Info.plist";
				LIBRARY_SEARCH_PATHS = (
					"$(inherited)",
					"\"$(SRCROOT)/Pwr/ZBarSDK\"",
					"\"$(SRCROOT)\"",
				);
				PRODUCT_NAME = PWrBiblioteka;
				USER_HEADER_SEARCH_PATHS = "";
				VALID_ARCHS = armv7;
				WRAPPER_EXTENSION = app;
			};
			name = Release;
		};
/* End XCBuildConfiguration section */

/* Begin XCConfigurationList section */
		7DCF63FE167C7DCC00B22C57 /* Build configuration list for PBXProject "PWrBiblioteka" */ = {
			isa = XCConfigurationList;
			buildConfigurations = (
				7DCF6426167C7DCC00B22C57 /* Debug */,
				7DCF6427167C7DCC00B22C57 /* Release */,
			);
			defaultConfigurationIsVisible = 0;
			defaultConfigurationName = Release;
		};
		7DCF6428167C7DCC00B22C57 /* Build configuration list for PBXNativeTarget "PWrBiblioteka" */ = {
			isa = XCConfigurationList;
			buildConfigurations = (
				7DCF6429167C7DCC00B22C57 /* Debug */,
				7DCF642A167C7DCC00B22C57 /* Release */,
			);
			defaultConfigurationIsVisible = 0;
			defaultConfigurationName = Release;
		};
/* End XCConfigurationList section */
	};
	rootObject = 7DCF63FB167C7DCC00B22C57 /* Project object */;
}
