// !$*UTF8*$!
{
	archiveVersion = 1;
	classes = {
	};
	objectVersion = 46;
	objects = {

/* Begin PBXBuildFile section */
		7DCF6409167C7DCC00B22C57 /* UIKit.framework in Frameworks */ = {isa = PBXBuildFile; fileRef = 7DCF6408167C7DCC00B22C57 /* UIKit.framework */; };
		7DCF640B167C7DCC00B22C57 /* Foundation.framework in Frameworks */ = {isa = PBXBuildFile; fileRef = 7DCF640A167C7DCC00B22C57 /* Foundation.framework */; };
		7DCF640D167C7DCC00B22C57 /* CoreGraphics.framework in Frameworks */ = {isa = PBXBuildFile; fileRef = 7DCF640C167C7DCC00B22C57 /* CoreGraphics.framework */; };
		7DCF6413167C7DCC00B22C57 /* InfoPlist.strings in Resources */ = {isa = PBXBuildFile; fileRef = 7DCF6411167C7DCC00B22C57 /* InfoPlist.strings */; };
		7DCF6415167C7DCC00B22C57 /* main.m in Sources */ = {isa = PBXBuildFile; fileRef = 7DCF6414167C7DCC00B22C57 /* main.m */; };
		7DCF6419167C7DCC00B22C57 /* AppDelegate.m in Sources */ = {isa = PBXBuildFile; fileRef = 7DCF6418167C7DCC00B22C57 /* AppDelegate.m */; };
		7DCF641B167C7DCC00B22C57 /* Default.png in Resources */ = {isa = PBXBuildFile; fileRef = 7DCF641A167C7DCC00B22C57 /* Default.png */; };
		7DCF641D167C7DCC00B22C57 /* Default@2x.png in Resources */ = {isa = PBXBuildFile; fileRef = 7DCF641C167C7DCC00B22C57 /* Default@2x.png */; };
		7DCF641F167C7DCC00B22C57 /* Default-568h@2x.png in Resources */ = {isa = PBXBuildFile; fileRef = 7DCF641E167C7DCC00B22C57 /* Default-568h@2x.png */; };
		7DCF6422167C7DCC00B22C57 /* ViewController.m in Sources */ = {isa = PBXBuildFile; fileRef = 7DCF6421167C7DCC00B22C57 /* ViewController.m */; };
		7DCF6425167C7DCC00B22C57 /* ViewController.xib in Resources */ = {isa = PBXBuildFile; fileRef = 7DCF6423167C7DCC00B22C57 /* ViewController.xib */; };
		7DCF642F167C7DE000B22C57 /* HTMLNode.m in Sources */ = {isa = PBXBuildFile; fileRef = 7DCF642C167C7DE000B22C57 /* HTMLNode.m */; };
		7DCF6430167C7DE000B22C57 /* HTMLParser.m in Sources */ = {isa = PBXBuildFile; fileRef = 7DCF642E167C7DE000B22C57 /* HTMLParser.m */; };
		7DCF6433167C7E2700B22C57 /* NSString+POST.m in Sources */ = {isa = PBXBuildFile; fileRef = 7DCF6432167C7E2700B22C57 /* NSString+POST.m */; };
		7DCF6437167C7E9B00B22C57 /* libxml2.dylib in Frameworks */ = {isa = PBXBuildFile; fileRef = 7DCF6436167C7E9B00B22C57 /* libxml2.dylib */; };
/* End PBXBuildFile section */

/* Begin PBXFileReference section */
		7DCF6404167C7DCC00B22C57 /* Pwr.app */ = {isa = PBXFileReference; explicitFileType = wrapper.application; includeInIndex = 0; path = Pwr.app; sourceTree = BUILT_PRODUCTS_DIR; };
		7DCF6408167C7DCC00B22C57 /* UIKit.framework */ = {isa = PBXFileReference; lastKnownFileType = wrapper.framework; name = UIKit.framework; path = System/Library/Frameworks/UIKit.framework; sourceTree = SDKROOT; };
		7DCF640A167C7DCC00B22C57 /* Foundation.framework */ = {isa = PBXFileReference; lastKnownFileType = wrapper.framework; name = Foundation.framework; path = System/Library/Frameworks/Foundation.framework; sourceTree = SDKROOT; };
		7DCF640C167C7DCC00B22C57 /* CoreGraphics.framework */ = {isa = PBXFileReference; lastKnownFileType = wrapper.framework; name = CoreGraphics.framework; path = System/Library/Frameworks/CoreGraphics.framework; sourceTree = SDKROOT; };
		7DCF6410167C7DCC00B22C57 /* Pwr-Info.plist */ = {isa = PBXFileReference; lastKnownFileType = text.plist.xml; path = "Pwr-Info.plist"; sourceTree = "<group>"; };
		7DCF6412167C7DCC00B22C57 /* en */ = {isa = PBXFileReference; lastKnownFileType = text.plist.strings; name = en; path = en.lproj/InfoPlist.strings; sourceTree = "<group>"; };
		7DCF6414167C7DCC00B22C57 /* main.m */ = {isa = PBXFileReference; lastKnownFileType = sourcecode.c.objc; path = main.m; sourceTree = "<group>"; };
		7DCF6416167C7DCC00B22C57 /* Pwr-Prefix.pch */ = {isa = PBXFileReference; lastKnownFileType = sourcecode.c.h; path = "Pwr-Prefix.pch"; sourceTree = "<group>"; };
		7DCF6417167C7DCC00B22C57 /* AppDelegate.h */ = {isa = PBXFileReference; lastKnownFileType = sourcecode.c.h; path = AppDelegate.h; sourceTree = "<group>"; };
		7DCF6418167C7DCC00B22C57 /* AppDelegate.m */ = {isa = PBXFileReference; lastKnownFileType = sourcecode.c.objc; path = AppDelegate.m; sourceTree = "<group>"; };
		7DCF641A167C7DCC00B22C57 /* Default.png */ = {isa = PBXFileReference; lastKnownFileType = image.png; path = Default.png; sourceTree = "<group>"; };
		7DCF641C167C7DCC00B22C57 /* Default@2x.png */ = {isa = PBXFileReference; lastKnownFileType = image.png; path = "Default@2x.png"; sourceTree = "<group>"; };
		7DCF641E167C7DCC00B22C57 /* Default-568h@2x.png */ = {isa = PBXFileReference; lastKnownFileType = image.png; path = "Default-568h@2x.png"; sourceTree = "<group>"; };
		7DCF6420167C7DCC00B22C57 /* ViewController.h */ = {isa = PBXFileReference; lastKnownFileType = sourcecode.c.h; path = ViewController.h; sourceTree = "<group>"; };
		7DCF6421167C7DCC00B22C57 /* ViewController.m */ = {isa = PBXFileReference; lastKnownFileType = sourcecode.c.objc; path = ViewController.m; sourceTree = "<group>"; };
		7DCF6424167C7DCC00B22C57 /* en */ = {isa = PBXFileReference; lastKnownFileType = file.xib; name = en; path = en.lproj/ViewController.xib; sourceTree = "<group>"; };
		7DCF642B167C7DE000B22C57 /* HTMLNode.h */ = {isa = PBXFileReference; fileEncoding = 4; lastKnownFileType = sourcecode.c.h; path = HTMLNode.h; sourceTree = "<group>"; };
		7DCF642C167C7DE000B22C57 /* HTMLNode.m */ = {isa = PBXFileReference; fileEncoding = 4; lastKnownFileType = sourcecode.c.objc; path = HTMLNode.m; sourceTree = "<group>"; };
		7DCF642D167C7DE000B22C57 /* HTMLParser.h */ = {isa = PBXFileReference; fileEncoding = 4; lastKnownFileType = sourcecode.c.h; path = HTMLParser.h; sourceTree = "<group>"; };
		7DCF642E167C7DE000B22C57 /* HTMLParser.m */ = {isa = PBXFileReference; fileEncoding = 4; lastKnownFileType = sourcecode.c.objc; path = HTMLParser.m; sourceTree = "<group>"; };
		7DCF6431167C7E2700B22C57 /* NSString+POST.h */ = {isa = PBXFileReference; fileEncoding = 4; lastKnownFileType = sourcecode.c.h; path = "NSString+POST.h"; sourceTree = "<group>"; };
		7DCF6432167C7E2700B22C57 /* NSString+POST.m */ = {isa = PBXFileReference; fileEncoding = 4; lastKnownFileType = sourcecode.c.objc; path = "NSString+POST.m"; sourceTree = "<group>"; };
		7DCF6436167C7E9B00B22C57 /* libxml2.dylib */ = {isa = PBXFileReference; lastKnownFileType = "compiled.mach-o.dylib"; name = libxml2.dylib; path = usr/lib/libxml2.dylib; sourceTree = SDKROOT; };
/* End PBXFileReference section */

/* Begin PBXFrameworksBuildPhase section */
		7DCF6401167C7DCC00B22C57 /* Frameworks */ = {
			isa = PBXFrameworksBuildPhase;
			buildActionMask = 2147483647;
			files = (
				7DCF6437167C7E9B00B22C57 /* libxml2.dylib in Frameworks */,
				7DCF6409167C7DCC00B22C57 /* UIKit.framework in Frameworks */,
				7DCF640B167C7DCC00B22C57 /* Foundation.framework in Frameworks */,
				7DCF640D167C7DCC00B22C57 /* CoreGraphics.framework in Frameworks */,
			);
			runOnlyForDeploymentPostprocessing = 0;
		};
/* End PBXFrameworksBuildPhase section */

/* Begin PBXGroup section */
		7DCF63F9167C7DCC00B22C57 = {
			isa = PBXGroup;
			children = (
				7DCF6436167C7E9B00B22C57 /* libxml2.dylib */,
				7DCF640E167C7DCC00B22C57 /* Pwr */,
				7DCF6407167C7DCC00B22C57 /* Frameworks */,
				7DCF6405167C7DCC00B22C57 /* Products */,
			);
			sourceTree = "<group>";
		};
		7DCF6405167C7DCC00B22C57 /* Products */ = {
			isa = PBXGroup;
			children = (
				7DCF6404167C7DCC00B22C57 /* Pwr.app */,
			);
			name = Products;
			sourceTree = "<group>";
		};
		7DCF6407167C7DCC00B22C57 /* Frameworks */ = {
			isa = PBXGroup;
			children = (
				7DCF6408167C7DCC00B22C57 /* UIKit.framework */,
				7DCF640A167C7DCC00B22C57 /* Foundation.framework */,
				7DCF640C167C7DCC00B22C57 /* CoreGraphics.framework */,
			);
			name = Frameworks;
			sourceTree = "<group>";
		};
		7DCF640E167C7DCC00B22C57 /* Pwr */ = {
			isa = PBXGroup;
			children = (
				7DCF6417167C7DCC00B22C57 /* AppDelegate.h */,
				7DCF6418167C7DCC00B22C57 /* AppDelegate.m */,
				7DCF6420167C7DCC00B22C57 /* ViewController.h */,
				7DCF6421167C7DCC00B22C57 /* ViewController.m */,
				7DCF6423167C7DCC00B22C57 /* ViewController.xib */,
				7DCF640F167C7DCC00B22C57 /* Supporting Files */,
			);
			path = Pwr;
			sourceTree = "<group>";
		};
		7DCF640F167C7DCC00B22C57 /* Supporting Files */ = {
			isa = PBXGroup;
			children = (
				7DCF6431167C7E2700B22C57 /* NSString+POST.h */,
				7DCF6432167C7E2700B22C57 /* NSString+POST.m */,
				7DCF642B167C7DE000B22C57 /* HTMLNode.h */,
				7DCF642C167C7DE000B22C57 /* HTMLNode.m */,
				7DCF642D167C7DE000B22C57 /* HTMLParser.h */,
				7DCF642E167C7DE000B22C57 /* HTMLParser.m */,
				7DCF6410167C7DCC00B22C57 /* Pwr-Info.plist */,
				7DCF6411167C7DCC00B22C57 /* InfoPlist.strings */,
				7DCF6414167C7DCC00B22C57 /* main.m */,
				7DCF6416167C7DCC00B22C57 /* Pwr-Prefix.pch */,
				7DCF641A167C7DCC00B22C57 /* Default.png */,
				7DCF641C167C7DCC00B22C57 /* Default@2x.png */,
				7DCF641E167C7DCC00B22C57 /* Default-568h@2x.png */,
			);
			name = "Supporting Files";
			sourceTree = "<group>";
		};
/* End PBXGroup section */

/* Begin PBXNativeTarget section */
		7DCF6403167C7DCC00B22C57 /* Pwr */ = {
			isa = PBXNativeTarget;
			buildConfigurationList = 7DCF6428167C7DCC00B22C57 /* Build configuration list for PBXNativeTarget "Pwr" */;
			buildPhases = (
				7DCF6400167C7DCC00B22C57 /* Sources */,
				7DCF6401167C7DCC00B22C57 /* Frameworks */,
				7DCF6402167C7DCC00B22C57 /* Resources */,
			);
			buildRules = (
			);
			dependencies = (
			);
			name = Pwr;
			productName = Pwr;
			productReference = 7DCF6404167C7DCC00B22C57 /* Pwr.app */;
			productType = "com.apple.product-type.application";
		};
/* End PBXNativeTarget section */

/* Begin PBXProject section */
		7DCF63FB167C7DCC00B22C57 /* Project object */ = {
			isa = PBXProject;
			attributes = {
				LastUpgradeCheck = 0450;
				ORGANIZATIONNAME = tetek;
			};
			buildConfigurationList = 7DCF63FE167C7DCC00B22C57 /* Build configuration list for PBXProject "Pwr" */;
			compatibilityVersion = "Xcode 3.2";
			developmentRegion = English;
			hasScannedForEncodings = 0;
			knownRegions = (
				en,
			);
			mainGroup = 7DCF63F9167C7DCC00B22C57;
			productRefGroup = 7DCF6405167C7DCC00B22C57 /* Products */;
			projectDirPath = "";
			projectRoot = "";
			targets = (
				7DCF6403167C7DCC00B22C57 /* Pwr */,
			);
		};
/* End PBXProject section */

/* Begin PBXResourcesBuildPhase section */
		7DCF6402167C7DCC00B22C57 /* Resources */ = {
			isa = PBXResourcesBuildPhase;
			buildActionMask = 2147483647;
			files = (
				7DCF6413167C7DCC00B22C57 /* InfoPlist.strings in Resources */,
				7DCF641B167C7DCC00B22C57 /* Default.png in Resources */,
				7DCF641D167C7DCC00B22C57 /* Default@2x.png in Resources */,
				7DCF641F167C7DCC00B22C57 /* Default-568h@2x.png in Resources */,
				7DCF6425167C7DCC00B22C57 /* ViewController.xib in Resources */,
			);
			runOnlyForDeploymentPostprocessing = 0;
		};
/* End PBXResourcesBuildPhase section */

/* Begin PBXSourcesBuildPhase section */
		7DCF6400167C7DCC00B22C57 /* Sources */ = {
			isa = PBXSourcesBuildPhase;
			buildActionMask = 2147483647;
			files = (
				7DCF6415167C7DCC00B22C57 /* main.m in Sources */,
				7DCF6419167C7DCC00B22C57 /* AppDelegate.m in Sources */,
				7DCF6422167C7DCC00B22C57 /* ViewController.m in Sources */,
				7DCF642F167C7DE000B22C57 /* HTMLNode.m in Sources */,
				7DCF6430167C7DE000B22C57 /* HTMLParser.m in Sources */,
				7DCF6433167C7E2700B22C57 /* NSString+POST.m in Sources */,
			);
			runOnlyForDeploymentPostprocessing = 0;
		};
/* End PBXSourcesBuildPhase section */

/* Begin PBXVariantGroup section */
		7DCF6411167C7DCC00B22C57 /* InfoPlist.strings */ = {
			isa = PBXVariantGroup;
			children = (
				7DCF6412167C7DCC00B22C57 /* en */,
			);
			name = InfoPlist.strings;
			sourceTree = "<group>";
		};
		7DCF6423167C7DCC00B22C57 /* ViewController.xib */ = {
			isa = PBXVariantGroup;
			children = (
				7DCF6424167C7DCC00B22C57 /* en */,
			);
			name = ViewController.xib;
			sourceTree = "<group>";
		};
/* End PBXVariantGroup section */

/* Begin XCBuildConfiguration section */
		7DCF6426167C7DCC00B22C57 /* Debug */ = {
			isa = XCBuildConfiguration;
			buildSettings = {
				ALWAYS_SEARCH_USER_PATHS = NO;
				CLANG_CXX_LANGUAGE_STANDARD = "gnu++0x";
				CLANG_CXX_LIBRARY = "libc++";
				CLANG_WARN_EMPTY_BODY = YES;
				CLANG_WARN__DUPLICATE_METHOD_MATCH = YES;
				"CODE_SIGN_IDENTITY[sdk=iphoneos*]" = "iPhone Developer";
				COPY_PHASE_STRIP = NO;
				GCC_C_LANGUAGE_STANDARD = gnu99;
				GCC_DYNAMIC_NO_PIC = NO;
				GCC_OPTIMIZATION_LEVEL = 0;
				GCC_PREPROCESSOR_DEFINITIONS = (
					"DEBUG=1",
					"$(inherited)",
				);
				GCC_SYMBOLS_PRIVATE_EXTERN = NO;
				GCC_WARN_ABOUT_RETURN_TYPE = YES;
				GCC_WARN_UNINITIALIZED_AUTOS = YES;
				GCC_WARN_UNUSED_VARIABLE = YES;
				IPHONEOS_DEPLOYMENT_TARGET = 6.0;
				ONLY_ACTIVE_ARCH = YES;
				SDKROOT = iphoneos;
			};
			name = Debug;
		};
		7DCF6427167C7DCC00B22C57 /* Release */ = {
			isa = XCBuildConfiguration;
			buildSettings = {
				ALWAYS_SEARCH_USER_PATHS = NO;
				CLANG_CXX_LANGUAGE_STANDARD = "gnu++0x";
				CLANG_CXX_LIBRARY = "libc++";
				CLANG_WARN_EMPTY_BODY = YES;
				CLANG_WARN__DUPLICATE_METHOD_MATCH = YES;
				"CODE_SIGN_IDENTITY[sdk=iphoneos*]" = "iPhone Developer";
				COPY_PHASE_STRIP = YES;
				GCC_C_LANGUAGE_STANDARD = gnu99;
				GCC_WARN_ABOUT_RETURN_TYPE = YES;
				GCC_WARN_UNINITIALIZED_AUTOS = YES;
				GCC_WARN_UNUSED_VARIABLE = YES;
				IPHONEOS_DEPLOYMENT_TARGET = 6.0;
				OTHER_CFLAGS = "-DNS_BLOCK_ASSERTIONS=1";
				SDKROOT = iphoneos;
				VALIDATE_PRODUCT = YES;
			};
			name = Release;
		};
		7DCF6429167C7DCC00B22C57 /* Debug */ = {
			isa = XCBuildConfiguration;
			buildSettings = {
				GCC_PRECOMPILE_PREFIX_HEADER = YES;
				GCC_PREFIX_HEADER = "Pwr/Pwr-Prefix.pch";
				HEADER_SEARCH_PATHS = "/usr/include/libxml2/**";
				INFOPLIST_FILE = "Pwr/Pwr-Info.plist";
				PRODUCT_NAME = "$(TARGET_NAME)";
				USER_HEADER_SEARCH_PATHS = "";
				WRAPPER_EXTENSION = app;
			};
			name = Debug;
		};
		7DCF642A167C7DCC00B22C57 /* Release */ = {
			isa = XCBuildConfiguration;
			buildSettings = {
				GCC_PRECOMPILE_PREFIX_HEADER = YES;
				GCC_PREFIX_HEADER = "Pwr/Pwr-Prefix.pch";
				HEADER_SEARCH_PATHS = "/usr/include/libxml2/**";
				INFOPLIST_FILE = "Pwr/Pwr-Info.plist";
				PRODUCT_NAME = "$(TARGET_NAME)";
				USER_HEADER_SEARCH_PATHS = "";
				WRAPPER_EXTENSION = app;
			};
			name = Release;
		};
/* End XCBuildConfiguration section */

/* Begin XCConfigurationList section */
		7DCF63FE167C7DCC00B22C57 /* Build configuration list for PBXProject "Pwr" */ = {
			isa = XCConfigurationList;
			buildConfigurations = (
				7DCF6426167C7DCC00B22C57 /* Debug */,
				7DCF6427167C7DCC00B22C57 /* Release */,
			);
			defaultConfigurationIsVisible = 0;
			defaultConfigurationName = Release;
		};
		7DCF6428167C7DCC00B22C57 /* Build configuration list for PBXNativeTarget "Pwr" */ = {
			isa = XCConfigurationList;
			buildConfigurations = (
				7DCF6429167C7DCC00B22C57 /* Debug */,
				7DCF642A167C7DCC00B22C57 /* Release */,
			);
			defaultConfigurationIsVisible = 0;
		};
/* End XCConfigurationList section */
	};
	rootObject = 7DCF63FB167C7DCC00B22C57 /* Project object */;
}
